
Microsoft Visual Studio Solution File, Format Version 12.00
# Visual Studio Version 17
VisualStudioVersion = 17.4.33103.184
MinimumVisualStudioVersion = 10.0.40219.1
Project("{9A19103F-16F7-4668-BE54-9A1E7A4F7556}") = "Bunkering", "Bunkering\Bunkering.csproj", "{36D3C836-370A-459A-8355-CDBDAD91DFF9}"
EndProject
Project("{9A19103F-16F7-4668-BE54-9A1E7A4F7556}") = "Bunkering.Core", "Bunkering.Core\Bunkering.Core.csproj", "{AF7D3E63-186A-4D9D-B9F6-4D4FC374E1D2}"
EndProject
Project("{9A19103F-16F7-4668-BE54-9A1E7A4F7556}") = "Bunkering.Access", "Bunkering.Access\Bunkering.Access.csproj", "{196B51D2-E08A-47B8-8D24-AEB5B9AEE489}"
EndProject
Project("{00D1A9C2-B5F0-4AF3-8072-F6C62B433612}") = "Database", "Database\Database.sqlproj", "{3AB7951E-2E89-4A65-8CD0-369463E1D37A}"
EndProject
Global
	GlobalSection(SolutionConfigurationPlatforms) = preSolution
		Debug|Any CPU = Debug|Any CPU
		Release|Any CPU = Release|Any CPU
	EndGlobalSection
	GlobalSection(ProjectConfigurationPlatforms) = postSolution
		{36D3C836-370A-459A-8355-CDBDAD91DFF9}.Debug|Any CPU.ActiveCfg = Debug|Any CPU
		{36D3C836-370A-459A-8355-CDBDAD91DFF9}.Debug|Any CPU.Build.0 = Debug|Any CPU
		{36D3C836-370A-459A-8355-CDBDAD91DFF9}.Release|Any CPU.ActiveCfg = Release|Any CPU
		{36D3C836-370A-459A-8355-CDBDAD91DFF9}.Release|Any CPU.Build.0 = Release|Any CPU
		{AF7D3E63-186A-4D9D-B9F6-4D4FC374E1D2}.Debug|Any CPU.ActiveCfg = Debug|Any CPU
		{AF7D3E63-186A-4D9D-B9F6-4D4FC374E1D2}.Debug|Any CPU.Build.0 = Debug|Any CPU
		{AF7D3E63-186A-4D9D-B9F6-4D4FC374E1D2}.Release|Any CPU.ActiveCfg = Release|Any CPU
		{AF7D3E63-186A-4D9D-B9F6-4D4FC374E1D2}.Release|Any CPU.Build.0 = Release|Any CPU
		{196B51D2-E08A-47B8-8D24-AEB5B9AEE489}.Debug|Any CPU.ActiveCfg = Debug|Any CPU
		{196B51D2-E08A-47B8-8D24-AEB5B9AEE489}.Debug|Any CPU.Build.0 = Debug|Any CPU
		{196B51D2-E08A-47B8-8D24-AEB5B9AEE489}.Release|Any CPU.ActiveCfg = Release|Any CPU
		{196B51D2-E08A-47B8-8D24-AEB5B9AEE489}.Release|Any CPU.Build.0 = Release|Any CPU
		{3AB7951E-2E89-4A65-8CD0-369463E1D37A}.Debug|Any CPU.ActiveCfg = Debug|Any CPU
		{3AB7951E-2E89-4A65-8CD0-369463E1D37A}.Debug|Any CPU.Build.0 = Debug|Any CPU
		{3AB7951E-2E89-4A65-8CD0-369463E1D37A}.Debug|Any CPU.Deploy.0 = Debug|Any CPU
		{3AB7951E-2E89-4A65-8CD0-369463E1D37A}.Release|Any CPU.ActiveCfg = Release|Any CPU
		{3AB7951E-2E89-4A65-8CD0-369463E1D37A}.Release|Any CPU.Build.0 = Release|Any CPU
		{3AB7951E-2E89-4A65-8CD0-369463E1D37A}.Release|Any CPU.Deploy.0 = Release|Any CPU
	EndGlobalSection
	GlobalSection(SolutionProperties) = preSolution
		HideSolutionNode = FALSE
	EndGlobalSection
	GlobalSection(ExtensibilityGlobals) = postSolution
		SolutionGuid = {B1FCEBDD-F4CA-4ED9-A8B2-2824C4353238}
	EndGlobalSection
EndGlobal
