
Microsoft Visual Studio Solution File, Format Version 12.00
# Visual Studio Version 17
VisualStudioVersion = 17.8.34322.80
MinimumVisualStudioVersion = 10.0.40219.1
Project("{9A19103F-16F7-4668-BE54-9A1E7A4F7556}") = "CVC.Domain", "CVC.Domain\CVC.Domain.csproj", "{AF2CC730-8448-4A41-8276-E11B18778122}"
EndProject
Project("{FAE04EC0-301F-11D3-BF4B-00C04F79EFBC}") = "CVC.DAL", "CVC.DAL\CVC.DAL.csproj", "{F81483A4-2138-43C6-962C-51FF8F75F318}"
EndProject
Project("{FAE04EC0-301F-11D3-BF4B-00C04F79EFBC}") = "CVC.Infrastructure", "CVC.Infrastructure\CVC.Infrastructure.csproj", "{2440FD34-CEED-4369-96E9-30588A48FBEE}"
EndProject
Project("{00D1A9C2-B5F0-4AF3-8072-F6C62B433612}") = "CVC.Database", "CVC.Database\CVC.Database.sqlproj", "{35C8FBC6-3C9D-453B-9D8C-C8B5884F1366}"
EndProject
Project("{FAE04EC0-301F-11D3-BF4B-00C04F79EFBC}") = "CVC.API", "CVC.API\CVC.API.csproj", "{96ED5338-427C-4DEA-8BF3-31375E4229A1}"
EndProject
Global
	GlobalSection(SolutionConfigurationPlatforms) = preSolution
		Debug|Any CPU = Debug|Any CPU
		Release|Any CPU = Release|Any CPU
	EndGlobalSection
	GlobalSection(ProjectConfigurationPlatforms) = postSolution
		{AF2CC730-8448-4A41-8276-E11B18778122}.Debug|Any CPU.ActiveCfg = Debug|Any CPU
		{AF2CC730-8448-4A41-8276-E11B18778122}.Debug|Any CPU.Build.0 = Debug|Any CPU
		{AF2CC730-8448-4A41-8276-E11B18778122}.Release|Any CPU.ActiveCfg = Release|Any CPU
		{AF2CC730-8448-4A41-8276-E11B18778122}.Release|Any CPU.Build.0 = Release|Any CPU
		{F81483A4-2138-43C6-962C-51FF8F75F318}.Debug|Any CPU.ActiveCfg = Debug|Any CPU
		{F81483A4-2138-43C6-962C-51FF8F75F318}.Debug|Any CPU.Build.0 = Debug|Any CPU
		{F81483A4-2138-43C6-962C-51FF8F75F318}.Release|Any CPU.ActiveCfg = Release|Any CPU
		{F81483A4-2138-43C6-962C-51FF8F75F318}.Release|Any CPU.Build.0 = Release|Any CPU
		{2440FD34-CEED-4369-96E9-30588A48FBEE}.Debug|Any CPU.ActiveCfg = Debug|Any CPU
		{2440FD34-CEED-4369-96E9-30588A48FBEE}.Debug|Any CPU.Build.0 = Debug|Any CPU
		{2440FD34-CEED-4369-96E9-30588A48FBEE}.Release|Any CPU.ActiveCfg = Release|Any CPU
		{2440FD34-CEED-4369-96E9-30588A48FBEE}.Release|Any CPU.Build.0 = Release|Any CPU
		{35C8FBC6-3C9D-453B-9D8C-C8B5884F1366}.Debug|Any CPU.ActiveCfg = Debug|Any CPU
		{35C8FBC6-3C9D-453B-9D8C-C8B5884F1366}.Debug|Any CPU.Build.0 = Debug|Any CPU
		{35C8FBC6-3C9D-453B-9D8C-C8B5884F1366}.Debug|Any CPU.Deploy.0 = Debug|Any CPU
		{35C8FBC6-3C9D-453B-9D8C-C8B5884F1366}.Release|Any CPU.ActiveCfg = Release|Any CPU
		{35C8FBC6-3C9D-453B-9D8C-C8B5884F1366}.Release|Any CPU.Build.0 = Release|Any CPU
		{35C8FBC6-3C9D-453B-9D8C-C8B5884F1366}.Release|Any CPU.Deploy.0 = Release|Any CPU
		{96ED5338-427C-4DEA-8BF3-31375E4229A1}.Debug|Any CPU.ActiveCfg = Debug|Any CPU
		{96ED5338-427C-4DEA-8BF3-31375E4229A1}.Debug|Any CPU.Build.0 = Debug|Any CPU
		{96ED5338-427C-4DEA-8BF3-31375E4229A1}.Release|Any CPU.ActiveCfg = Release|Any CPU
		{96ED5338-427C-4DEA-8BF3-31375E4229A1}.Release|Any CPU.Build.0 = Release|Any CPU
	EndGlobalSection
	GlobalSection(SolutionProperties) = preSolution
		HideSolutionNode = FALSE
	EndGlobalSection
	GlobalSection(ExtensibilityGlobals) = postSolution
		SolutionGuid = {54E8660A-1E62-4029-A39B-39CE5A3D2F9F}
	EndGlobalSection
EndGlobal
